
Microsoft Visual Studio Solution File, Format Version 12.00
# Visual Studio 2013
VisualStudioVersion = 12.0.21005.1
MinimumVisualStudioVersion = 10.0.40219.1
Project("{8BC9CEB8-8B4A-11D0-8D11-00A0C91BC942}") = "2022_10_30", "2022_10_30\2022_10_30.vcxproj", "{19D0C61E-9F98-4BC0-82A7-F5F028CDF961}"
EndProject
Global
	GlobalSection(SolutionConfigurationPlatforms) = preSolution
		Debug|Win32 = Debug|Win32
		Release|Win32 = Release|Win32
	EndGlobalSection
	GlobalSection(ProjectConfigurationPlatforms) = postSolution
		{19D0C61E-9F98-4BC0-82A7-F5F028CDF961}.Debug|Win32.ActiveCfg = Debug|Win32
		{19D0C61E-9F98-4BC0-82A7-F5F028CDF961}.Debug|Win32.Build.0 = Debug|Win32
		{19D0C61E-9F98-4BC0-82A7-F5F028CDF961}.Release|Win32.ActiveCfg = Release|Win32
		{19D0C61E-9F98-4BC0-82A7-F5F028CDF961}.Release|Win32.Build.0 = Release|Win32
	EndGlobalSection
	GlobalSection(SolutionProperties) = preSolution
		HideSolutionNode = FALSE
	EndGlobalSection
EndGlobal
